
Microsoft Visual Studio Solution File, Format Version 12.00
# Visual Studio 2013
VisualStudioVersion = 12.0.21005.1
MinimumVisualStudioVersion = 10.0.40219.1
Project("{8BC9CEB8-8B4A-11D0-8D11-00A0C91BC942}") = "MorganC - CSource", "ICE8\ICE8.vcxproj", "{2F502241-E7EC-494A-800D-F3B54867E8AC}"
EndProject
Project("{8BC9CEB8-8B4A-11D0-8D11-00A0C91BC942}") = "MorganC - ICE8 - AsmLib", "MorganC - ICE8 - AsmLib\MorganC - ICE8 - AsmLib.vcxproj", "{06940998-D317-444E-BED6-A32F4B55A545}"
EndProject
Global
	GlobalSection(SolutionConfigurationPlatforms) = preSolution
		Debug|Win32 = Debug|Win32
		Release|Win32 = Release|Win32
	EndGlobalSection
	GlobalSection(ProjectConfigurationPlatforms) = postSolution
		{2F502241-E7EC-494A-800D-F3B54867E8AC}.Debug|Win32.ActiveCfg = Debug|Win32
		{2F502241-E7EC-494A-800D-F3B54867E8AC}.Debug|Win32.Build.0 = Debug|Win32
		{2F502241-E7EC-494A-800D-F3B54867E8AC}.Release|Win32.ActiveCfg = Release|Win32
		{2F502241-E7EC-494A-800D-F3B54867E8AC}.Release|Win32.Build.0 = Release|Win32
		{06940998-D317-444E-BED6-A32F4B55A545}.Debug|Win32.ActiveCfg = Debug|Win32
		{06940998-D317-444E-BED6-A32F4B55A545}.Debug|Win32.Build.0 = Debug|Win32
		{06940998-D317-444E-BED6-A32F4B55A545}.Release|Win32.ActiveCfg = Release|Win32
		{06940998-D317-444E-BED6-A32F4B55A545}.Release|Win32.Build.0 = Release|Win32
	EndGlobalSection
	GlobalSection(SolutionProperties) = preSolution
		HideSolutionNode = FALSE
	EndGlobalSection
EndGlobal
