
Microsoft Visual Studio Solution File, Format Version 12.00
# Visual Studio 2013
VisualStudioVersion = 12.0.21005.1
MinimumVisualStudioVersion = 10.0.40219.1
Project("{8BC9CEB8-8B4A-11D0-8D11-00A0C91BC942}") = "PA14", "PA14\PA14.vcxproj", "{608B4E94-4A51-454F-8B3C-27E1DC6453D7}"
EndProject
Project("{8BC9CEB8-8B4A-11D0-8D11-00A0C91BC942}") = "PA14 AsmLib", "PA14 AsmLib\PA14 AsmLib.vcxproj", "{7E2D9038-7025-4BAB-9DEE-C64E93E1054B}"
EndProject
Global
	GlobalSection(SolutionConfigurationPlatforms) = preSolution
		Debug|Win32 = Debug|Win32
		Release|Win32 = Release|Win32
	EndGlobalSection
	GlobalSection(ProjectConfigurationPlatforms) = postSolution
		{608B4E94-4A51-454F-8B3C-27E1DC6453D7}.Debug|Win32.ActiveCfg = Debug|Win32
		{608B4E94-4A51-454F-8B3C-27E1DC6453D7}.Debug|Win32.Build.0 = Debug|Win32
		{608B4E94-4A51-454F-8B3C-27E1DC6453D7}.Release|Win32.ActiveCfg = Release|Win32
		{608B4E94-4A51-454F-8B3C-27E1DC6453D7}.Release|Win32.Build.0 = Release|Win32
		{7E2D9038-7025-4BAB-9DEE-C64E93E1054B}.Debug|Win32.ActiveCfg = Debug|Win32
		{7E2D9038-7025-4BAB-9DEE-C64E93E1054B}.Debug|Win32.Build.0 = Debug|Win32
		{7E2D9038-7025-4BAB-9DEE-C64E93E1054B}.Release|Win32.ActiveCfg = Release|Win32
		{7E2D9038-7025-4BAB-9DEE-C64E93E1054B}.Release|Win32.Build.0 = Release|Win32
	EndGlobalSection
	GlobalSection(SolutionProperties) = preSolution
		HideSolutionNode = FALSE
	EndGlobalSection
EndGlobal
